
Microsoft Visual Studio Solution File, Format Version 12.00
# Visual Studio Version 17
VisualStudioVersion = 17.10.35013.160
MinimumVisualStudioVersion = 10.0.40219.1
Project("{9A19103F-16F7-4668-BE54-9A1E7A4F7556}") = "PuzzleQWinforms", "Puzzle\PuzzleQWinforms.csproj", "{955CD520-9DA4-4F45-AF12-D5540857F3E8}"
EndProject
Project("{9A19103F-16F7-4668-BE54-9A1E7A4F7556}") = "PuzzleQMAUI", "PuzzleQMAUI\PuzzleQMAUI.csproj", "{7C9C886C-CA07-4144-93B1-760EDDCD93F8}"
EndProject
Project("{9A19103F-16F7-4668-BE54-9A1E7A4F7556}") = "PuzzleQSystem", "PuzzleQSystem\PuzzleQSystem.csproj", "{73A0CE8F-7666-4B7C-B9B8-2877C51A5678}"
EndProject
Project("{9A19103F-16F7-4668-BE54-9A1E7A4F7556}") = "PuzzleQTest", "PuzzleQTest\PuzzleQTest.csproj", "{386EFB47-B4C3-4B8E-B0E1-7B42ABEFE0D6}"
EndProject
Project("{9A19103F-16F7-4668-BE54-9A1E7A4F7556}") = "PuzzleQWeb", "PuzzleQWeb\PuzzleQWeb.csproj", "{22C6069D-D18C-4A7F-A35E-0D338FDF356A}"
EndProject
Global
	GlobalSection(SolutionConfigurationPlatforms) = preSolution
		Debug|Any CPU = Debug|Any CPU
		Release|Any CPU = Release|Any CPU
	EndGlobalSection
	GlobalSection(ProjectConfigurationPlatforms) = postSolution
		{955CD520-9DA4-4F45-AF12-D5540857F3E8}.Debug|Any CPU.ActiveCfg = Debug|Any CPU
		{955CD520-9DA4-4F45-AF12-D5540857F3E8}.Debug|Any CPU.Build.0 = Debug|Any CPU
		{955CD520-9DA4-4F45-AF12-D5540857F3E8}.Release|Any CPU.ActiveCfg = Release|Any CPU
		{955CD520-9DA4-4F45-AF12-D5540857F3E8}.Release|Any CPU.Build.0 = Release|Any CPU
		{7C9C886C-CA07-4144-93B1-760EDDCD93F8}.Debug|Any CPU.ActiveCfg = Debug|Any CPU
		{7C9C886C-CA07-4144-93B1-760EDDCD93F8}.Debug|Any CPU.Build.0 = Debug|Any CPU
		{7C9C886C-CA07-4144-93B1-760EDDCD93F8}.Debug|Any CPU.Deploy.0 = Debug|Any CPU
		{7C9C886C-CA07-4144-93B1-760EDDCD93F8}.Release|Any CPU.ActiveCfg = Release|Any CPU
		{7C9C886C-CA07-4144-93B1-760EDDCD93F8}.Release|Any CPU.Build.0 = Release|Any CPU
		{7C9C886C-CA07-4144-93B1-760EDDCD93F8}.Release|Any CPU.Deploy.0 = Release|Any CPU
		{73A0CE8F-7666-4B7C-B9B8-2877C51A5678}.Debug|Any CPU.ActiveCfg = Debug|Any CPU
		{73A0CE8F-7666-4B7C-B9B8-2877C51A5678}.Debug|Any CPU.Build.0 = Debug|Any CPU
		{73A0CE8F-7666-4B7C-B9B8-2877C51A5678}.Release|Any CPU.ActiveCfg = Release|Any CPU
		{73A0CE8F-7666-4B7C-B9B8-2877C51A5678}.Release|Any CPU.Build.0 = Release|Any CPU
		{386EFB47-B4C3-4B8E-B0E1-7B42ABEFE0D6}.Debug|Any CPU.ActiveCfg = Debug|Any CPU
		{386EFB47-B4C3-4B8E-B0E1-7B42ABEFE0D6}.Debug|Any CPU.Build.0 = Debug|Any CPU
		{386EFB47-B4C3-4B8E-B0E1-7B42ABEFE0D6}.Release|Any CPU.ActiveCfg = Release|Any CPU
		{386EFB47-B4C3-4B8E-B0E1-7B42ABEFE0D6}.Release|Any CPU.Build.0 = Release|Any CPU
		{22C6069D-D18C-4A7F-A35E-0D338FDF356A}.Debug|Any CPU.ActiveCfg = Debug|Any CPU
		{22C6069D-D18C-4A7F-A35E-0D338FDF356A}.Debug|Any CPU.Build.0 = Debug|Any CPU
		{22C6069D-D18C-4A7F-A35E-0D338FDF356A}.Release|Any CPU.ActiveCfg = Release|Any CPU
		{22C6069D-D18C-4A7F-A35E-0D338FDF356A}.Release|Any CPU.Build.0 = Release|Any CPU
	EndGlobalSection
	GlobalSection(SolutionProperties) = preSolution
		HideSolutionNode = FALSE
	EndGlobalSection
	GlobalSection(ExtensibilityGlobals) = postSolution
		SolutionGuid = {9A2DA04F-7BBD-4692-8260-946FC5C690BE}
	EndGlobalSection
EndGlobal
